github.com/AlekSi/pointer v1.0.0/go.mod h1:1kjywbfcPFCmncIxtk6fIEub6LKrfMz3gc5QKVOSOA8=
github.com/BRUHItsABunny/bunnlog v0.0.1 h1:Q2QVyMMVVlbjSM70jKGeGfA8ZmH0bPiY4Cbo17VP+AQ=
github.com/BRUHItsABunny/bunnlog v0.0.1/go.mod h1:YvqfTH341zK1AJzNQJM9py7uxC+MJ14iMoxNYDNvGyU=
github.com/BRUHItsABunny/bunterm v0.0.2 h1:3O2pMatkuu4cMATk1l8m8s6b7yCKaQppBVov2brTkis=
github.com/BRUHItsABunny/bunterm v0.0.2/go.mod h1:sSlNmopYZChUJr4E2I6b/oTbckGgqLlnZVWozcg38Do=
github.com/BRUHItsABunny/crypto-utils v0.0.5 h1:R2GkyU2I3kM5q77HmDT6omoe530d+Ikn6LqLP5vCamY=
github.com/BRUHItsABunny/gOkHttp v0.3.0 h1:oWiPIWEj6jdiMz8m7ohvxWr+LhfhkSGpGbRWJ5OQLSk=
github.com/BRUHItsABunny/gOkHttp v0.3.0/go.mod h1:/6pwGsRlAPHuDq36PYO3xB7O5sx77oBSkAh99Kb0Q6o=
github.com/BRUHItsABunny/gOkHttp-advanced-responses v0.3.0 h1:nb8WDkCMkHEckns3Xbvfdx5qdOPqt1wJTou5qkX6Plo=
github.com/BRUHItsABunny/gOkHttp-advanced-responses v0.3.0/go.mod h1:EULcVN5TPTE4Ou1PLVbp4/7iJ9Kc2MZDwATQhA3f3yU=
github.com/BRUHItsABunny/gOkHttp-download v0.3.0 h1:grBiJ6VIjFdoxgkXOI3a1ljmeXT7vOFmJ9k9HMc4yR4=
github.com/BRUHItsABunny/gOkHttp-download v0.3.0/go.mod h1:MG0IJj0LeQk/jCeCTo+2X0pngI0wfOVbPzOAX/I70Ls=
github.com/BRUHItsABunny/go-ghvu v0.0.3 h1:2iaJO6SVAVAWBoKm61tyS3zz+aF45iF1tK07gLbIhik=
github.com/BRUHItsABunny/go-ghvu v0.0.3/go.mod h1:ujrF6F82M4kFkb7eAwV10tzp38UW2KYlRlMU5w7yd7w=
github.com/BRUHItsABunny/stringvarformatter v0.0.1 h1:9cThu7zVhmYJrWwojXC8LsqozfE703ABTjOc+9VG7YA=
github.com/BRUHItsABunny/stringvarformatter v0.0.1/go.mod h1:FOaJJZddZh+JnWDbuiADjZ3fZSBxA004i0XlvCAGYyM=
github.com/OneOfOne/xxhash v1.2.8 h1:31czK/TI9sNkxIKfaUfGlU47BAxQ0ztGgd9vPyqimf8=
github.com/PuerkitoBio/goquery v1.8.0 h1:PJTF7AmFCFKk1N6V6jmKfrNH9tV5pNE6lZMkG0gta/U=
github.com/PuerkitoBio/goquery v1.8.0/go.mod h1:ypIiRMtY7COPGk+I/YbZLbxsxn9g5ejnI2HSMtkjZvI=
github.com/RoyalFlyBy/go-chaturbate v0.0.0-20230528145557-b9f35ff62e10 h1:F3xCAkCFYYePhD3g5CWJfxzeXWNOzTMSy5yfePXxhFw=
github.com/RoyalFlyBy/go-chaturbate v0.0.0-20230528145557-b9f35ff62e10/go.mod h1:zY1Z8GdQqjJEwiy1gwcV2N0zqE32fcDkwqSKzH9woPQ=
github.com/andybalholm/cascadia v1.3.1 h1:nhxRkql1kdYCc8Snf7D5/D3spOX+dBgjA6u8x004T2c=
github.com/andybalholm/cascadia v1.3.1/go.mod h1:R4bJ1UQfqADjvDa4P6HZHLh/3OxWWEqc0Sk8XGwHqvA=
github.com/cornelk/hashmap v1.0.8 h1:nv0AWgw02n+iDcawr5It4CjQIAcdMMKRrs10HOJYlrc=
github.com/cornelk/hashmap v1.0.8/go.mod h1:RfZb7JO3RviW/rT6emczVuC/oxpdz4UsSB2LJSclR1k=
github.com/davecgh/go-spew v1.1.0/go.mod h1:J7Y8YcW2NihsgmVo/mv3lAwl/skON4iLHjSsI+c5H38=
github.com/davecgh/go-spew v1.1.1 h1:vj9j/u1bqnvCEfJOwUhtlOARqs3+rkHYY13jYWTU97c=
github.com/dustin/go-humanize v1.0.1 h1:GzkhY7T5VNhEkwH0PVJgjz+fX1rhBrR7pRT3mDkpeCY=
github.com/dustin/go-humanize v1.0.1/go.mod h1:Mu1zIs6XwVuF/gI1OepvI0qD18qycQx+mFykh5fBlto=
github.com/etherlabsio/go-m3u8 v1.0.0 h1:d3HJVr8wlbvJO20ksKEyvDYf4bcM7v8YV3W83fHswL0=
github.com/etherlabsio/go-m3u8 v1.0.0/go.mod h1:RzDiaXgaYnIEzZUmVUD/xMRFR7bY7U5JaCnp8XYLmXU=
github.com/google/go-cmp v0.5.2/go.mod h1:v8dTdLbMG2kIc/vJvl+f65V22dbkXbowE6jgT/gNBxE=
github.com/google/go-cmp v0.5.9 h1:O2Tfq5qg4qc4AmwVlvv0oLiVAGB7enBSJ2x2DqQFi38=
github.com/google/go-github/v48 v48.1.0 h1:nqPqq+0oRY2AMR/SRskGrrP4nnewPB7e/m2+kbT/UvM=
github.com/google/go-github/v48 v48.1.0/go.mod h1:dDlehKBDo850ZPvCTK0sEqTCVWcrGl2LcDiajkYi89Y=
github.com/google/go-querystring v1.1.0 h1:AnCroh3fv4ZBgVIf1Iwtovgjaw/GiKJo8M8yD/fhyJ8=
github.com/google/go-querystring v1.1.0/go.mod h1:Kcdr2DB4koayq7X8pmAG4sNG59So17icRSOU623lUBU=
github.com/hashicorp/go-version v1.6.0 h1:feTTfFNnjP967rlCxM/I9g701jU+RN74YKx2mOkIeek=
github.com/hashicorp/go-version v1.6.0/go.mod h1:fltr4n8CU8Ke44wwGCBoEymUuxUHl09ZGVZPK5anwXA=
github.com/joho/godotenv v1.5.1 h1:7eLL/+HRGLY0ldzfGMeQkb7vMd0as4CfYvUVzLqw0N0=
github.com/pmezard/go-difflib v1.0.0 h1:4DBwDE0NGyQoBHbLQYPwSUPoCMWR5BEzIk/f1lZbAQM=
github.com/pmezard/go-difflib v1.0.0/go.mod h1:iKH77koFhYxTK1pcRnkKkqfTogsbg7gZNVY4sRDYZ/4=
github.com/stretchr/objx v0.1.0/go.mod h1:HFkY916IF+rwdDfMAkV7OtwuqBVzrE8GR6GFx+wExME=
github.com/stretchr/testify v1.3.0/go.mod h1:M5WIy9Dh21IEIfnGCwXGc5bZfKNJtfHm1UVUgZn+9EI=
github.com/stretchr/testify v1.8.1 h1:w7B6lhMri9wdJUVmEZPGGhZzrYTPvgJArz7wNPgYKsk=
github.com/yapingcat/gomedia v0.0.0-20230426092936-387031404274 h1:cj4I+bvWX9I+Hg6tnZ7DAiOVxzhyLhdvYVKp+WpM/2c=
github.com/yapingcat/gomedia v0.0.0-20230426092936-387031404274/go.mod h1:WSZ59bidJOO40JSJmLqlkBJrjZCtjbKKkygEMfzY/kc=
go.uber.org/atomic v1.10.0 h1:9qC72Qh0+3MqyJbAn8YU5xVq1frD8bn3JtD2oXtafVQ=
go.uber.org/atomic v1.10.0/go.mod h1:LUxbIzbOniOlMKjJjyPfpl4v+PKK2cNJn91OQbhoJI0=
golang.org/x/crypto v0.0.0-20210817164053-32db794688a5 h1:HWj/xjIHfjYU5nVXpTM0s39J9CbLn7Cc5a7IC5rwsMQ=
golang.org/x/crypto v0.0.0-20210817164053-32db794688a5/go.mod h1:GvvjBRRGRdwPK5ydBHafDWAxML/pGHZbMvKqRZ5+Abc=
golang.org/x/net v0.0.0-20210916014120-12bc252f5db8/go.mod h1:9nx3DQGgdP8bBQD5qxJ1jj9UTztislL4KSBs9R2vV5Y=
golang.org/x/net v0.7.0 h1:rJrUqqhjsgNp7KqAIc25s9pZnjU7TUcSY7HcVZjdn1g=
golang.org/x/net v0.7.0/go.mod h1:2Tu9+aMcznHK/AK1HMvgo6xiTLG5rD5rZLDS+rp2Bjs=
golang.org/x/sync v0.1.0 h1:wsuoTGHzEhffawBOhz5CYhcrV4IdKZbEyZjBMuTp12o=
golang.org/x/sync v0.1.0/go.mod h1:RxMgew5VJxzue5/jJTE5uejpjVlOe/izrB70Jof72aM=
golang.org/x/sys v0.0.0-20201119102817-f84b799fce68/go.mod h1:h1NjWce9XRLGQEsW7wpKNCjG9DtNlClVuFLEZdDNbEs=
golang.org/x/sys v0.0.0-20210423082822-04245dca01da/go.mod h1:h1NjWce9XRLGQEsW7wpKNCjG9DtNlClVuFLEZdDNbEs=
golang.org/x/sys v0.5.0 h1:MUK/U/4lj1t1oPg0HfuXDN/Z1wv31ZJ/YcPiGccS4DU=
golang.org/x/sys v0.5.0/go.mod h1:oPkhp1MJrh7nUepCBck5+mAzfO9JrbApNNgaTdGDITg=
golang.org/x/term v0.0.0-20201126162022-7de9c90e9dd1/go.mod h1:bj7SfCRtBDWHUb9snDiAeCFNEtKQo2Wmx5Cou7ajbmo=
golang.org/x/term v0.5.0 h1:n2a8QNdAb0sZNpU9R1ALUXBbY+w51fCQDN+7EdxNBsY=
golang.org/x/term v0.5.0/go.mod h1:jMB1sMXY+tzblOD4FWmEbocvup2/aLOaQEp7JmGp78k=
golang.org/x/text v0.3.6/go.mod h1:5Zoc/QRtKVWzQhOtBMvqHzDpF6irO9z98xDceosuGiQ=
golang.org/x/text v0.7.0 h1:4BRB4x83lYWy72KwLD/qYDuTu7q9PjSagHvijDw7cLo=
golang.org/x/text v0.7.0/go.mod h1:mrYo+phRRbMaCq/xk9113O4dZlRixOauAjOtrjsXDZ8=
golang.org/x/tools v0.0.0-20180917221912-90fa682c2a6e/go.mod h1:n7NCudcB/nEzxVGmLbDWY5pfWTLqBcC2KZ6jyYvM4mQ=
golang.org/x/xerrors v0.0.0-20191204190536-9bdfabe68543/go.mod h1:I/5z698sn9Ka8TeJc9MKroUUfqBBauWjQqLJ2OPfmY0=
gopkg.in/yaml.v3 v3.0.1 h1:fxVm/GzAzEWqLHuvctI91KS9hhNmmWOoWu0XTYJS7CA=
